
Microsoft Visual Studio Solution File, Format Version 12.00
# Visual Studio Version 16
VisualStudioVersion = 16.0.30204.135
MinimumVisualStudioVersion = 10.0.40219.1
Project("{FAE04EC0-301F-11D3-BF4B-00C04F79EFBC}") = "Warehouse b", "Warehouse b\Warehouse b.csproj", "{411A789B-25AE-4A7D-B571-0338F847734D}"
EndProject
Global
	GlobalSection(SolutionConfigurationPlatforms) = preSolution
		Debug|Any CPU = Debug|Any CPU
		Release|Any CPU = Release|Any CPU
	EndGlobalSection
	GlobalSection(ProjectConfigurationPlatforms) = postSolution
		{411A789B-25AE-4A7D-B571-0338F847734D}.Debug|Any CPU.ActiveCfg = Debug|Any CPU
		{411A789B-25AE-4A7D-B571-0338F847734D}.Debug|Any CPU.Build.0 = Debug|Any CPU
		{411A789B-25AE-4A7D-B571-0338F847734D}.Release|Any CPU.ActiveCfg = Release|Any CPU
		{411A789B-25AE-4A7D-B571-0338F847734D}.Release|Any CPU.Build.0 = Release|Any CPU
	EndGlobalSection
	GlobalSection(SolutionProperties) = preSolution
		HideSolutionNode = FALSE
	EndGlobalSection
	GlobalSection(ExtensibilityGlobals) = postSolution
		SolutionGuid = {B18FD100-8012-4ADC-BD49-C51428263B7D}
	EndGlobalSection
EndGlobal
